<?xml version="1.0" encoding="UTF-8" standalone="yes" ?>
<CodeBlocks_project_file>
	<FileVersion major="1" minor="6" />
	<Project>
		<Option title="LibGame" />
		<Option pch_mode="2" />
		<Option compiler="gcc_uniwin" />
		<Build>
			<Target title="Release">
				<Option output="bin/libgame" prefix_auto="1" extension_auto="1" />
				<Option object_output="obj/" />
				<Option type="1" />
				<Option compiler="gcc_uniwin" />
				<Compiler>
					<Add option="-fPIC -gdwarf-2 -fpermissive -std=c++11" />
				</Compiler>
				<Linker>
					<Add option="-shared -lpthread -Wl,-soname=libgame.so" />
				</Linker>
			</Target>
		</Build>
		<Compiler>
			<Add option="-Wall" />
		</Compiler>
		<Unit filename="src/addr.hpp" />
		<Unit filename="src/game/BUFFER.hpp" />
		<Unit filename="src/game/CAffect.hpp" />
		<Unit filename="src/game/CArena.hpp" />
		<Unit filename="src/game/CAttribute.hpp" />
		<Unit filename="src/game/CBuffOnAttributes.hpp" />
		<Unit filename="src/game/CDungeon.hpp" />
		<Unit filename="src/game/CEntity.hpp" />
		<Unit filename="src/game/CExchange.hpp" />
		<Unit filename="src/game/CFSM.hpp" />
		<Unit filename="src/game/CGrid.hpp" />
		<Unit filename="src/game/CGuild.hpp" />
		<Unit filename="src/game/CHARACTER.cpp" />
		<Unit filename="src/game/CHARACTER.hpp" />
		<Unit filename="src/game/CHorseRider.hpp" />
		<Unit filename="src/game/CInputAuth.hpp" />
		<Unit filename="src/game/CInputClose.hpp" />
		<Unit filename="src/game/CInputDead.hpp" />
		<Unit filename="src/game/CInputHandshake.hpp" />
		<Unit filename="src/game/CInputLogin.hpp" />
		<Unit filename="src/game/CInputMain.hpp" />
		<Unit filename="src/game/CInputProcessor.hpp" />
		<Unit filename="src/game/CItem.hpp" />
		<Unit filename="src/game/CLoginKey.hpp" />
		<Unit filename="src/game/CMob.hpp" />
		<Unit filename="src/game/CMobInstance.hpp" />
		<Unit filename="src/game/CPacketInfo.hpp" />
		<Unit filename="src/game/CParty.hpp" />
		<Unit filename="src/game/CPetActor.hpp" />
		<Unit filename="src/game/CPetSystem.hpp" />
		<Unit filename="src/game/CSafebox.hpp" />
		<Unit filename="src/game/CShop.hpp" />
		<Unit filename="src/game/CState.hpp" />
		<Unit filename="src/game/CStateTemplate.hpp" />
		<Unit filename="src/game/CTrigger.hpp" />
		<Unit filename="src/game/CWarMap.hpp" />
		<Unit filename="src/game/Cipher.hpp" />
		<Unit filename="src/game/CryptoPP/algparam.h" />
		<Unit filename="src/game/CryptoPP/config.h" />
		<Unit filename="src/game/CryptoPP/cryptlib.h" />
		<Unit filename="src/game/CryptoPP/misc.h" />
		<Unit filename="src/game/CryptoPP/secblock.h" />
		<Unit filename="src/game/CryptoPP/smartptr.h" />
		<Unit filename="src/game/CryptoPP/stdcpp.h" />
		<Unit filename="src/game/DESC.cpp" />
		<Unit filename="src/game/DESC.hpp" />
		<Unit filename="src/game/EVENT.hpp" />
		<Unit filename="src/game/FDWATCH.hpp" />
		<Unit filename="src/game/PIXEL_POSITION.hpp" />
		<Unit filename="src/game/SAccountTable.hpp" />
		<Unit filename="src/game/SECTREE.hpp" />
		<Unit filename="src/game/SEntityTable.hpp" />
		<Unit filename="src/game/SItemTable.hpp" />
		<Unit filename="src/game/SPlayerTable.hpp" />
		<Unit filename="src/game/SSimplePlayer.hpp" />
		<Unit filename="src/game/VID.hpp" />
		<Unit filename="src/game/fwDecl.hpp" />
		<Unit filename="src/game/marriage/WeddingMap.hpp" />
		<Unit filename="src/game/misc.hpp" />
		<Unit filename="src/game/packet.hpp" />
		<Unit filename="src/game/regen.hpp" />
		<Unit filename="src/game/stdInclude.hpp" />
		<Unit filename="src/hooks/SyncPosition.cpp" />
		<Unit filename="src/hooks/SyncPosition.hpp" />
		<Unit filename="src/lib/hook.cpp" />
		<Unit filename="src/lib/hook.hpp" />
		<Unit filename="src/lib/singleton.hpp" />
		<Unit filename="src/main.cpp" />
		<Unit filename="src/utils/detours.h" />
		<Unit filename="src/utils/hde.h" />
		<Unit filename="src/utils/hde/hde32.c">
			<Option compilerVar="CC" />
		</Unit>
		<Unit filename="src/utils/hde/hde32.h" />
		<Unit filename="src/utils/hde/table32.h" />
		<Unit filename="src/utils/lua.hpp" />
		<Unit filename="src/utils/lua/lauxlib.h" />
		<Unit filename="src/utils/lua/lua.h" />
		<Unit filename="src/utils/lua/lualib.h" />
		<Unit filename="src/utils/mysql/decimal.h" />
		<Unit filename="src/utils/mysql/errmsg.h" />
		<Unit filename="src/utils/mysql/keycache.h" />
		<Unit filename="src/utils/mysql/m_ctype.h" />
		<Unit filename="src/utils/mysql/m_string.h" />
		<Unit filename="src/utils/mysql/my_alloc.h" />
		<Unit filename="src/utils/mysql/my_attribute.h" />
		<Unit filename="src/utils/mysql/my_compiler.h" />
		<Unit filename="src/utils/mysql/my_config.h" />
		<Unit filename="src/utils/mysql/my_dbug.h" />
		<Unit filename="src/utils/mysql/my_dir.h" />
		<Unit filename="src/utils/mysql/my_getopt.h" />
		<Unit filename="src/utils/mysql/my_global.h" />
		<Unit filename="src/utils/mysql/my_list.h" />
		<Unit filename="src/utils/mysql/my_net.h" />
		<Unit filename="src/utils/mysql/my_no_pthread.h" />
		<Unit filename="src/utils/mysql/my_pthread.h" />
		<Unit filename="src/utils/mysql/my_sys.h" />
		<Unit filename="src/utils/mysql/my_xml.h" />
		<Unit filename="src/utils/mysql/mysql.h" />
		<Unit filename="src/utils/mysql/mysql_com.h" />
		<Unit filename="src/utils/mysql/mysql_embed.h" />
		<Unit filename="src/utils/mysql/mysql_time.h" />
		<Unit filename="src/utils/mysql/mysql_version.h" />
		<Unit filename="src/utils/mysql/mysqld_ername.h" />
		<Unit filename="src/utils/mysql/mysqld_error.h" />
		<Unit filename="src/utils/mysql/plugin.h" />
		<Unit filename="src/utils/mysql/sql_common.h" />
		<Unit filename="src/utils/mysql/sql_state.h" />
		<Unit filename="src/utils/mysql/sslopt-case.h" />
		<Unit filename="src/utils/mysql/sslopt-longopts.h" />
		<Unit filename="src/utils/mysql/sslopt-vars.h" />
		<Unit filename="src/utils/mysql/typelib.h" />
		<Extensions>
			<code_completion />
			<envvars />
			<debugger />
			<DoxyBlocks>
				<comment_style block="0" line="0" />
				<doxyfile_project />
				<doxyfile_build />
				<doxyfile_warnings />
				<doxyfile_output />
				<doxyfile_dot />
				<general />
			</DoxyBlocks>
		</Extensions>
	</Project>
</CodeBlocks_project_file>
