<?xml version="1.0" encoding="UTF-8" standalone="yes" ?>
<CodeBlocks_project_file>
	<FileVersion major="1" minor="6" />
	<Project>
		<Option title="LibGame" />
		<Option pch_mode="2" />
		<Option compiler="gcc_uniwin" />
		<Build>
			<Target title="Release">
				<Option output="bin/libgame" prefix_auto="1" extension_auto="1" />
				<Option object_output="obj/" />
				<Option type="1" />
				<Option compiler="gcc_uniwin" />
				<Compiler>
					<Add option="-fPIC -g -std=c++11" />
				</Compiler>
				<Linker>
					<Add option="-shared -lpthread -Wl,-soname=libgame.so" />
					<Add option="-L/usr/local/lib/mysql -lmysqlclient  -pthread -lz -lm" />
					<Add option="-I/usr/local/include  -L/usr/local/lib -lyaml-cpp" />
				</Linker>
			</Target>
		</Build>
		<Compiler>
			<Add option="-Wall" />
		</Compiler>
		<Unit filename="src/commands/test.cpp" />
		<Unit filename="src/commands/test.hpp" />
		<Unit filename="src/dif/ApplyInfo.cpp" />
		<Unit filename="src/dif/ApplyInfo.hpp" />
		<Unit filename="src/dif/ChangeAttr.cpp" />
		<Unit filename="src/dif/ChangeAttr.hpp" />
		<Unit filename="src/dif/EmpirePriv.cpp" />
		<Unit filename="src/dif/EmpirePriv.hpp" />
		<Unit filename="src/dif/GuildOfferExp.cpp" />
		<Unit filename="src/dif/GuildOfferExp.hpp" />
		<Unit filename="src/dif/HorseTable.cpp" />
		<Unit filename="src/dif/HorseTable.hpp" />
		<Unit filename="src/game/iCHARACTER.cpp" />
		<Unit filename="src/game/iCHARACTER.hpp" />
		<Unit filename="src/globals.cpp" />
		<Unit filename="src/globals.hpp" />
		<Unit filename="src/hooks/CharacterConstructor.cpp" />
		<Unit filename="src/hooks/CharacterConstructor.hpp" />
		<Unit filename="src/hooks/DoWar.cpp" />
		<Unit filename="src/hooks/DoWar.hpp" />
		<Unit filename="src/hooks/DropGold.cpp" />
		<Unit filename="src/hooks/DropGold.hpp" />
		<Unit filename="src/hooks/GiveExp.cpp" />
		<Unit filename="src/hooks/GiveExp.hpp" />
		<Unit filename="src/hooks/HorseApply.cpp" />
		<Unit filename="src/hooks/HorseApply.hpp" />
		<Unit filename="src/hooks/HorseVnum.cpp" />
		<Unit filename="src/hooks/HorseVnum.hpp" />
		<Unit filename="src/hooks/NumberEx.cpp" />
		<Unit filename="src/hooks/NumberEx.hpp" />
		<Unit filename="src/hooks/SyncPosition.cpp" />
		<Unit filename="src/hooks/SyncPosition.hpp" />
		<Unit filename="src/libm2/Command.cpp" />
		<Unit filename="src/libm2/Command.hpp" />
		<Unit filename="src/libm2/IQuest.cpp" />
		<Unit filename="src/libm2/IQuest.hpp" />
		<Unit filename="src/libm2/LibM2.cpp" />
		<Unit filename="src/libm2/LibM2.hpp" />
		<Unit filename="src/libm2/addr.hpp" />
		<Unit filename="src/libm2/game/BUFFER.hpp" />
		<Unit filename="src/libm2/game/CAffect.hpp" />
		<Unit filename="src/libm2/game/CArena.hpp" />
		<Unit filename="src/libm2/game/CAsyncSQL.hpp" />
		<Unit filename="src/libm2/game/CAttribute.hpp" />
		<Unit filename="src/libm2/game/CBuffOnAttributes.hpp" />
		<Unit filename="src/libm2/game/CBuyerThiefGlovesItemGroup.hpp" />
		<Unit filename="src/libm2/game/CClientPackageCryptInfo.hpp" />
		<Unit filename="src/libm2/game/CDropItemGroup.hpp" />
		<Unit filename="src/libm2/game/CDungeon.hpp" />
		<Unit filename="src/libm2/game/CEntity.cpp" />
		<Unit filename="src/libm2/game/CEntity.hpp" />
		<Unit filename="src/libm2/game/CExchange.hpp" />
		<Unit filename="src/libm2/game/CFSM.cpp" />
		<Unit filename="src/libm2/game/CFSM.hpp" />
		<Unit filename="src/libm2/game/CGrid.hpp" />
		<Unit filename="src/libm2/game/CGuild.cpp" />
		<Unit filename="src/libm2/game/CGuild.hpp" />
		<Unit filename="src/libm2/game/CGuildManager.cpp" />
		<Unit filename="src/libm2/game/CGuildManager.hpp" />
		<Unit filename="src/libm2/game/CGuildWarReserveForGame.hpp" />
		<Unit filename="src/libm2/game/CHARACTER.cpp" />
		<Unit filename="src/libm2/game/CHARACTER.hpp" />
		<Unit filename="src/libm2/game/CHARACTER_MANAGER.cpp" />
		<Unit filename="src/libm2/game/CHARACTER_MANAGER.hpp" />
		<Unit filename="src/libm2/game/CHorseRider.cpp" />
		<Unit filename="src/libm2/game/CHorseRider.hpp" />
		<Unit filename="src/libm2/game/CInputAuth.cpp" />
		<Unit filename="src/libm2/game/CInputAuth.hpp" />
		<Unit filename="src/libm2/game/CInputClose.cpp" />
		<Unit filename="src/libm2/game/CInputClose.hpp" />
		<Unit filename="src/libm2/game/CInputDB.hpp" />
		<Unit filename="src/libm2/game/CInputDead.cpp" />
		<Unit filename="src/libm2/game/CInputDead.hpp" />
		<Unit filename="src/libm2/game/CInputHandshake.hpp" />
		<Unit filename="src/libm2/game/CInputLogin.cpp" />
		<Unit filename="src/libm2/game/CInputLogin.hpp" />
		<Unit filename="src/libm2/game/CInputMain.cpp" />
		<Unit filename="src/libm2/game/CInputMain.hpp" />
		<Unit filename="src/libm2/game/CInputP2P.hpp" />
		<Unit filename="src/libm2/game/CInputProcessor.cpp" />
		<Unit filename="src/libm2/game/CInputProcessor.hpp" />
		<Unit filename="src/libm2/game/CInputTeen.hpp" />
		<Unit filename="src/libm2/game/CItem.cpp" />
		<Unit filename="src/libm2/game/CItem.hpp" />
		<Unit filename="src/libm2/game/CLIENT_DESC.hpp" />
		<Unit filename="src/libm2/game/CLevelItemGroup.hpp" />
		<Unit filename="src/libm2/game/CLoginData.hpp" />
		<Unit filename="src/libm2/game/CLoginKey.hpp" />
		<Unit filename="src/libm2/game/CMob.hpp" />
		<Unit filename="src/libm2/game/CMobInstance.hpp" />
		<Unit filename="src/libm2/game/CMobItemGroup.hpp" />
		<Unit filename="src/libm2/game/CPacketInfo.hpp" />
		<Unit filename="src/libm2/game/CParty.hpp" />
		<Unit filename="src/libm2/game/CPetActor.hpp" />
		<Unit filename="src/libm2/game/CPetSystem.hpp" />
		<Unit filename="src/libm2/game/CPrivManager.cpp" />
		<Unit filename="src/libm2/game/CPrivManager.hpp" />
		<Unit filename="src/libm2/game/CSafebox.hpp" />
		<Unit filename="src/libm2/game/CSemaphore.hpp" />
		<Unit filename="src/libm2/game/CShop.hpp" />
		<Unit filename="src/libm2/game/CShopManager.cpp" />
		<Unit filename="src/libm2/game/CShopManager.hpp" />
		<Unit filename="src/libm2/game/CSpecialAttrGroup.hpp" />
		<Unit filename="src/libm2/game/CSpecialItemGroup.hpp" />
		<Unit filename="src/libm2/game/CState.cpp" />
		<Unit filename="src/libm2/game/CState.hpp" />
		<Unit filename="src/libm2/game/CStateTemplate.hpp" />
		<Unit filename="src/libm2/game/CTrigger.hpp" />
		<Unit filename="src/libm2/game/CWarMap.hpp" />
		<Unit filename="src/libm2/game/CharacterVectorInteractor.hpp" />
		<Unit filename="src/libm2/game/Cipher.hpp" />
		<Unit filename="src/libm2/game/CryptoPP/algparam.h" />
		<Unit filename="src/libm2/game/CryptoPP/config.h" />
		<Unit filename="src/libm2/game/CryptoPP/cryptlib.h" />
		<Unit filename="src/libm2/game/CryptoPP/misc.h" />
		<Unit filename="src/libm2/game/CryptoPP/secblock.h" />
		<Unit filename="src/libm2/game/CryptoPP/smartptr.h" />
		<Unit filename="src/libm2/game/CryptoPP/stdcpp.h" />
		<Unit filename="src/libm2/game/DBManager.cpp" />
		<Unit filename="src/libm2/game/DBManager.hpp" />
		<Unit filename="src/libm2/game/DESC.cpp" />
		<Unit filename="src/libm2/game/DESC.hpp" />
		<Unit filename="src/libm2/game/DESC_MANAGER.cpp" />
		<Unit filename="src/libm2/game/DESC_MANAGER.hpp" />
		<Unit filename="src/libm2/game/EVENT.cpp" />
		<Unit filename="src/libm2/game/EVENT.hpp" />
		<Unit filename="src/libm2/game/FDWATCH.hpp" />
		<Unit filename="src/libm2/game/ITEM_MANAGER.cpp" />
		<Unit filename="src/libm2/game/ITEM_MANAGER.hpp" />
		<Unit filename="src/libm2/game/P2P_MANAGER.cpp" />
		<Unit filename="src/libm2/game/P2P_MANAGER.hpp" />
		<Unit filename="src/libm2/game/PIXEL_POSITION.hpp" />
		<Unit filename="src/libm2/game/SAccountTable.hpp" />
		<Unit filename="src/libm2/game/SECTREE.hpp" />
		<Unit filename="src/libm2/game/SECTREE_MANAGER.cpp" />
		<Unit filename="src/libm2/game/SECTREE_MANAGER.hpp" />
		<Unit filename="src/libm2/game/SECTREE_MAP.cpp" />
		<Unit filename="src/libm2/game/SECTREE_MAP.hpp" />
		<Unit filename="src/libm2/game/SEntityTable.hpp" />
		<Unit filename="src/libm2/game/SItemTable.hpp" />
		<Unit filename="src/libm2/game/SMapRegion.hpp" />
		<Unit filename="src/libm2/game/SPlayerTable.hpp" />
		<Unit filename="src/libm2/game/SQLMsg.cpp" />
		<Unit filename="src/libm2/game/SQLMsg.hpp" />
		<Unit filename="src/libm2/game/SQLResult.cpp" />
		<Unit filename="src/libm2/game/SQLResult.hpp" />
		<Unit filename="src/libm2/game/SSetting.hpp" />
		<Unit filename="src/libm2/game/SShopTable.hpp" />
		<Unit filename="src/libm2/game/SSimplePlayer.hpp" />
		<Unit filename="src/libm2/game/SUseTime.hpp" />
		<Unit filename="src/libm2/game/TAffectFlag.cpp" />
		<Unit filename="src/libm2/game/TAffectFlag.hpp" />
		<Unit filename="src/libm2/game/TAreaInfo.hpp" />
		<Unit filename="src/libm2/game/TEMP_BUFFER.cpp" />
		<Unit filename="src/libm2/game/TEMP_BUFFER.hpp" />
		<Unit filename="src/libm2/game/THorseStat.hpp" />
		<Unit filename="src/libm2/game/VID.cpp" />
		<Unit filename="src/libm2/game/VID.hpp" />
		<Unit filename="src/libm2/game/_CCI.hpp" />
		<Unit filename="src/libm2/game/enums.hpp" />
		<Unit filename="src/libm2/game/fwDecl.hpp" />
		<Unit filename="src/libm2/game/lua.cpp" />
		<Unit filename="src/libm2/game/lua.hpp" />
		<Unit filename="src/libm2/game/marriage/WeddingMap.hpp" />
		<Unit filename="src/libm2/game/misc.cpp" />
		<Unit filename="src/libm2/game/misc.hpp" />
		<Unit filename="src/libm2/game/npc_info.hpp" />
		<Unit filename="src/libm2/game/packet.hpp" />
		<Unit filename="src/libm2/game/quest/AArgScript.hpp" />
		<Unit filename="src/libm2/game/quest/AStateScriptType.hpp" />
		<Unit filename="src/libm2/game/quest/CQuestManager.cpp" />
		<Unit filename="src/libm2/game/quest/CQuestManager.hpp" />
		<Unit filename="src/libm2/game/quest/NPC.hpp" />
		<Unit filename="src/libm2/game/quest/PC.cpp" />
		<Unit filename="src/libm2/game/quest/PC.hpp" />
		<Unit filename="src/libm2/game/quest/QuestState.hpp" />
		<Unit filename="src/libm2/game/quest/RewardData.hpp" />
		<Unit filename="src/libm2/game/regen.hpp" />
		<Unit filename="src/libm2/game/stdInclude.hpp" />
		<Unit filename="src/libm2/lib/GameSingleton.hpp" />
		<Unit filename="src/libm2/lib/dif.cpp" />
		<Unit filename="src/libm2/lib/dif.hpp" />
		<Unit filename="src/libm2/lib/event.hpp" />
		<Unit filename="src/libm2/lib/hook.hpp" />
		<Unit filename="src/libm2/lib/increaseSize.hpp" />
		<Unit filename="src/libm2/lib/log.cpp" />
		<Unit filename="src/libm2/lib/log.hpp" />
		<Unit filename="src/libm2/lib/singleton.hpp" />
		<Unit filename="src/libm2/utils/detours.h" />
		<Unit filename="src/libm2/utils/hde.h" />
		<Unit filename="src/libm2/utils/hde/hde32.c">
			<Option compilerVar="CC" />
		</Unit>
		<Unit filename="src/libm2/utils/hde/hde32.h" />
		<Unit filename="src/libm2/utils/hde/table32.h" />
		<Unit filename="src/libm2/utils/lua.hpp" />
		<Unit filename="src/libm2/utils/lua/lauxlib.h" />
		<Unit filename="src/libm2/utils/lua/lua.h" />
		<Unit filename="src/libm2/utils/lua/lualib.h" />
		<Unit filename="src/main.cpp" />
		<Unit filename="src/myAddr.hpp" />
		<Unit filename="src/quest/item2.cpp" />
		<Unit filename="src/quest/item2.hpp" />
		<Unit filename="src/quest/npc2.cpp" />
		<Unit filename="src/quest/npc2.hpp" />
		<Unit filename="src/quest/pc2.cpp" />
		<Unit filename="src/quest/pc2.hpp" />
		<Extensions>
			<code_completion />
			<envvars />
			<debugger />
			<DoxyBlocks>
				<comment_style block="0" line="0" />
				<doxyfile_project />
				<doxyfile_build />
				<doxyfile_warnings />
				<doxyfile_output />
				<doxyfile_dot />
				<general />
			</DoxyBlocks>
		</Extensions>
	</Project>
</CodeBlocks_project_file>
